
Microsoft Visual Studio Solution File, Format Version 12.00
# Visual Studio Version 16
VisualStudioVersion = 16.0.28803.202
MinimumVisualStudioVersion = 10.0.40219.1
Project("{8BC9CEB8-8B4A-11D0-8D11-00A0C91BC942}") = "emath", "emath.vcxproj", "{07476C48-DA35-4883-BC65-20458F553ECA}"
EndProject
Project("{8BC9CEB8-8B4A-11D0-8D11-00A0C91BC942}") = "Tests", "Tests.vcxproj", "{1DD50016-1F6A-4C40-BA4F-48CE99820565}"
	ProjectSection(ProjectDependencies) = postProject
		{07476C48-DA35-4883-BC65-20458F553ECA} = {07476C48-DA35-4883-BC65-20458F553ECA}
	EndProjectSection
EndProject
Global
	GlobalSection(SolutionConfigurationPlatforms) = preSolution
		Debug|x64 = Debug|x64
		Debug|x86 = Debug|x86
		Release|x64 = Release|x64
		Release|x86 = Release|x86
	EndGlobalSection
	GlobalSection(ProjectConfigurationPlatforms) = postSolution
		{07476C48-DA35-4883-BC65-20458F553ECA}.Debug|x64.ActiveCfg = Debug|x64
		{07476C48-DA35-4883-BC65-20458F553ECA}.Debug|x64.Build.0 = Debug|x64
		{07476C48-DA35-4883-BC65-20458F553ECA}.Debug|x86.ActiveCfg = Debug|Win32
		{07476C48-DA35-4883-BC65-20458F553ECA}.Debug|x86.Build.0 = Debug|Win32
		{07476C48-DA35-4883-BC65-20458F553ECA}.Release|x64.ActiveCfg = Release|x64
		{07476C48-DA35-4883-BC65-20458F553ECA}.Release|x64.Build.0 = Release|x64
		{07476C48-DA35-4883-BC65-20458F553ECA}.Release|x86.ActiveCfg = Release|Win32
		{07476C48-DA35-4883-BC65-20458F553ECA}.Release|x86.Build.0 = Release|Win32
		{1DD50016-1F6A-4C40-BA4F-48CE99820565}.Debug|x64.ActiveCfg = Debug|x64
		{1DD50016-1F6A-4C40-BA4F-48CE99820565}.Debug|x64.Build.0 = Debug|x64
		{1DD50016-1F6A-4C40-BA4F-48CE99820565}.Debug|x86.ActiveCfg = Debug|Win32
		{1DD50016-1F6A-4C40-BA4F-48CE99820565}.Debug|x86.Build.0 = Debug|Win32
		{1DD50016-1F6A-4C40-BA4F-48CE99820565}.Release|x64.ActiveCfg = Release|x64
		{1DD50016-1F6A-4C40-BA4F-48CE99820565}.Release|x64.Build.0 = Release|x64
		{1DD50016-1F6A-4C40-BA4F-48CE99820565}.Release|x86.ActiveCfg = Release|Win32
		{1DD50016-1F6A-4C40-BA4F-48CE99820565}.Release|x86.Build.0 = Release|Win32
	EndGlobalSection
	GlobalSection(SolutionProperties) = preSolution
		HideSolutionNode = FALSE
	EndGlobalSection
	GlobalSection(ExtensibilityGlobals) = postSolution
		SolutionGuid = {2D09DAF8-15D5-4772-9D0A-C7DE294240DC}
	EndGlobalSection
EndGlobal
